
Microsoft Visual Studio Solution File, Format Version 12.00
# Visual Studio 15
VisualStudioVersion = 15.0.27004.2009
MinimumVisualStudioVersion = 10.0.40219.1
Project("{FAE04EC0-301F-11D3-BF4B-00C04F79EFBC}") = "Authentication.API", "Authentication.API\Authentication.API.csproj", "{059909B9-317D-4533-896F-FD720C015CA6}"
EndProject
Project("{FAE04EC0-301F-11D3-BF4B-00C04F79EFBC}") = "Authentication.Service", "Authentication.Service\Authentication.Service.csproj", "{1497E775-1560-4652-A00F-210BFED3B713}"
EndProject
Project("{FAE04EC0-301F-11D3-BF4B-00C04F79EFBC}") = "Authentication.Model", "Authentication.Model\Authentication.Model.csproj", "{EE991C48-2231-4CE6-9FBD-4449A8DC0232}"
EndProject
Global
	GlobalSection(SolutionConfigurationPlatforms) = preSolution
		Debug|Any CPU = Debug|Any CPU
		Release|Any CPU = Release|Any CPU
	EndGlobalSection
	GlobalSection(ProjectConfigurationPlatforms) = postSolution
		{059909B9-317D-4533-896F-FD720C015CA6}.Debug|Any CPU.ActiveCfg = Debug|Any CPU
		{059909B9-317D-4533-896F-FD720C015CA6}.Debug|Any CPU.Build.0 = Debug|Any CPU
		{059909B9-317D-4533-896F-FD720C015CA6}.Release|Any CPU.ActiveCfg = Release|Any CPU
		{059909B9-317D-4533-896F-FD720C015CA6}.Release|Any CPU.Build.0 = Release|Any CPU
		{1497E775-1560-4652-A00F-210BFED3B713}.Debug|Any CPU.ActiveCfg = Debug|Any CPU
		{1497E775-1560-4652-A00F-210BFED3B713}.Debug|Any CPU.Build.0 = Debug|Any CPU
		{1497E775-1560-4652-A00F-210BFED3B713}.Release|Any CPU.ActiveCfg = Release|Any CPU
		{1497E775-1560-4652-A00F-210BFED3B713}.Release|Any CPU.Build.0 = Release|Any CPU
		{EE991C48-2231-4CE6-9FBD-4449A8DC0232}.Debug|Any CPU.ActiveCfg = Debug|Any CPU
		{EE991C48-2231-4CE6-9FBD-4449A8DC0232}.Debug|Any CPU.Build.0 = Debug|Any CPU
		{EE991C48-2231-4CE6-9FBD-4449A8DC0232}.Release|Any CPU.ActiveCfg = Release|Any CPU
		{EE991C48-2231-4CE6-9FBD-4449A8DC0232}.Release|Any CPU.Build.0 = Release|Any CPU
	EndGlobalSection
	GlobalSection(SolutionProperties) = preSolution
		HideSolutionNode = FALSE
	EndGlobalSection
	GlobalSection(ExtensibilityGlobals) = postSolution
		SolutionGuid = {107FFD0D-0C14-4021-A527-0A20F57D1384}
	EndGlobalSection
EndGlobal
